{
  "name": "synth_sketch",
  "version": "1.0.0",
  "lockfileVersion": 1,
  "requires": true,
  "dependencies": {
    "nexusui": {
      "version": "2.0.5",
      "resolved": "https://registry.npmjs.org/nexusui/-/nexusui-2.0.5.tgz",
      "integrity": "sha512-BTb1QnEKgS995u0QM9Pl3EOQ3R8r+gSAEOhUk6s5m3tbifnS/OsAqS788Gn6d1WR11LQN5+uD7pVxy/nUq1EIg=="
    },
    "tone": {
      "version": "0.11.11",
      "resolved": "https://registry.npmjs.org/tone/-/tone-0.11.11.tgz",
      "integrity": "sha512-q1qFm9qMxXVJOBZYT1xUcOnnNnq/CXO0rnWlcwUaRggKkdAVdnouQoSFKKwwsgrOkNRQBTlcVz1ATe5UUHIXNQ=="
    }
  }
}
